// !$*UTF8*$!
{
	archiveVersion = 1;
	classes = {
	};
	objectVersion = 50;
	objects = {

/* Begin PBXBuildFile section */
		4C8800FE23E38A6B0039A953 /* TCE.json in Resources */ = {isa = PBXBuildFile; fileRef = 4C8800FD23E38A6B0039A953 /* TCE.json */; };
		4C88010023E3B9EB0039A953 /* Log.swift in Sources */ = {isa = PBXBuildFile; fileRef = 4C8800FF23E3B9EB0039A953 /* Log.swift */; };
		4CEA0073231B14E7003EF294 /* Test.json in Resources */ = {isa = PBXBuildFile; fileRef = 4CEA0072231B14E7003EF294 /* Test.json */; };
		4CEAFFAD231966FF003EF294 /* AppDelegate.swift in Sources */ = {isa = PBXBuildFile; fileRef = 4CEAFFAC231966FF003EF294 /* AppDelegate.swift */; };
		4CEAFFAF231966FF003EF294 /* ViewController.swift in Sources */ = {isa = PBXBuildFile; fileRef = 4CEAFFAE231966FF003EF294 /* ViewController.swift */; };
		4CEAFFB2231966FF003EF294 /* Main.storyboard in Resources */ = {isa = PBXBuildFile; fileRef = 4CEAFFB0231966FF003EF294 /* Main.storyboard */; };
		4CEAFFB423196701003EF294 /* Assets.xcassets in Resources */ = {isa = PBXBuildFile; fileRef = 4CEAFFB323196701003EF294 /* Assets.xcassets */; };
		4CEAFFB723196701003EF294 /* LaunchScreen.storyboard in Resources */ = {isa = PBXBuildFile; fileRef = 4CEAFFB523196701003EF294 /* LaunchScreen.storyboard */; };
		4CEAFFBF2319C822003EF294 /* Assessment.swift in Sources */ = {isa = PBXBuildFile; fileRef = 4CEAFFBE2319C822003EF294 /* Assessment.swift */; };
/* End PBXBuildFile section */

/* Begin PBXFileReference section */
		4C8800FD23E38A6B0039A953 /* TCE.json */ = {isa = PBXFileReference; lastKnownFileType = text.json; path = TCE.json; sourceTree = "<group>"; };
		4C8800FF23E3B9EB0039A953 /* Log.swift */ = {isa = PBXFileReference; lastKnownFileType = sourcecode.swift; path = Log.swift; sourceTree = "<group>"; };
		4CEA0072231B14E7003EF294 /* Test.json */ = {isa = PBXFileReference; lastKnownFileType = text.json; path = Test.json; sourceTree = "<group>"; };
		4CEAFFA9231966FF003EF294 /* FRATonium.app */ = {isa = PBXFileReference; explicitFileType = wrapper.application; includeInIndex = 0; path = FRATonium.app; sourceTree = BUILT_PRODUCTS_DIR; };
		4CEAFFAC231966FF003EF294 /* AppDelegate.swift */ = {isa = PBXFileReference; lastKnownFileType = sourcecode.swift; path = AppDelegate.swift; sourceTree = "<group>"; };
		4CEAFFAE231966FF003EF294 /* ViewController.swift */ = {isa = PBXFileReference; lastKnownFileType = sourcecode.swift; path = ViewController.swift; sourceTree = "<group>"; };
		4CEAFFB1231966FF003EF294 /* Base */ = {isa = PBXFileReference; lastKnownFileType = file.storyboard; name = Base; path = Base.lproj/Main.storyboard; sourceTree = "<group>"; };
		4CEAFFB323196701003EF294 /* Assets.xcassets */ = {isa = PBXFileReference; lastKnownFileType = folder.assetcatalog; path = Assets.xcassets; sourceTree = "<group>"; };
		4CEAFFB623196701003EF294 /* Base */ = {isa = PBXFileReference; lastKnownFileType = file.storyboard; name = Base; path = Base.lproj/LaunchScreen.storyboard; sourceTree = "<group>"; };
		4CEAFFB823196701003EF294 /* Info.plist */ = {isa = PBXFileReference; lastKnownFileType = text.plist.xml; path = Info.plist; sourceTree = "<group>"; };
		4CEAFFBE2319C822003EF294 /* Assessment.swift */ = {isa = PBXFileReference; lastKnownFileType = sourcecode.swift; path = Assessment.swift; sourceTree = "<group>"; };
/* End PBXFileReference section */

/* Begin PBXFrameworksBuildPhase section */
		4CEAFFA6231966FF003EF294 /* Frameworks */ = {
			isa = PBXFrameworksBuildPhase;
			buildActionMask = 2147483647;
			files = (
			);
			runOnlyForDeploymentPostprocessing = 0;
		};
/* End PBXFrameworksBuildPhase section */

/* Begin PBXGroup section */
		4CEAFFA0231966FF003EF294 = {
			isa = PBXGroup;
			children = (
				4CEA0072231B14E7003EF294 /* Test.json */,
				4C8800FD23E38A6B0039A953 /* TCE.json */,
				4CEAFFAB231966FF003EF294 /* Fratonium */,
				4CEAFFAA231966FF003EF294 /* Products */,
			);
			sourceTree = "<group>";
		};
		4CEAFFAA231966FF003EF294 /* Products */ = {
			isa = PBXGroup;
			children = (
				4CEAFFA9231966FF003EF294 /* FRATonium.app */,
			);
			name = Products;
			sourceTree = "<group>";
		};
		4CEAFFAB231966FF003EF294 /* Fratonium */ = {
			isa = PBXGroup;
			children = (
				4CEAFFAC231966FF003EF294 /* AppDelegate.swift */,
				4CEAFFAE231966FF003EF294 /* ViewController.swift */,
				4CEAFFB0231966FF003EF294 /* Main.storyboard */,
				4CEAFFB323196701003EF294 /* Assets.xcassets */,
				4CEAFFB523196701003EF294 /* LaunchScreen.storyboard */,
				4CEAFFB823196701003EF294 /* Info.plist */,
				4CEAFFBE2319C822003EF294 /* Assessment.swift */,
				4C8800FF23E3B9EB0039A953 /* Log.swift */,
			);
			path = Fratonium;
			sourceTree = "<group>";
		};
/* End PBXGroup section */

/* Begin PBXNativeTarget section */
		4CEAFFA8231966FF003EF294 /* Fratonium */ = {
			isa = PBXNativeTarget;
			buildConfigurationList = 4CEAFFBB23196701003EF294 /* Build configuration list for PBXNativeTarget "Fratonium" */;
			buildPhases = (
				4CEAFFA5231966FF003EF294 /* Sources */,
				4CEAFFA6231966FF003EF294 /* Frameworks */,
				4CEAFFA7231966FF003EF294 /* Resources */,
			);
			buildRules = (
			);
			dependencies = (
			);
			name = Fratonium;
			productName = Fratonium;
			productReference = 4CEAFFA9231966FF003EF294 /* FRATonium.app */;
			productType = "com.apple.product-type.application";
		};
/* End PBXNativeTarget section */

/* Begin PBXProject section */
		4CEAFFA1231966FF003EF294 /* Project object */ = {
			isa = PBXProject;
			attributes = {
				LastSwiftUpdateCheck = 1030;
				LastUpgradeCheck = 1030;
				ORGANIZATIONNAME = "Michael Parker";
				TargetAttributes = {
					4CEAFFA8231966FF003EF294 = {
						CreatedOnToolsVersion = 10.3;
					};
				};
			};
			buildConfigurationList = 4CEAFFA4231966FF003EF294 /* Build configuration list for PBXProject "Fratonium" */;
			compatibilityVersion = "Xcode 9.3";
			developmentRegion = en;
			hasScannedForEncodings = 0;
			knownRegions = (
				en,
				Base,
			);
			mainGroup = 4CEAFFA0231966FF003EF294;
			productRefGroup = 4CEAFFAA231966FF003EF294 /* Products */;
			projectDirPath = "";
			projectRoot = "";
			targets = (
				4CEAFFA8231966FF003EF294 /* Fratonium */,
			);
		};
/* End PBXProject section */

/* Begin PBXResourcesBuildPhase section */
		4CEAFFA7231966FF003EF294 /* Resources */ = {
			isa = PBXResourcesBuildPhase;
			buildActionMask = 2147483647;
			files = (
				4CEAFFB723196701003EF294 /* LaunchScreen.storyboard in Resources */,
				4CEA0073231B14E7003EF294 /* Test.json in Resources */,
				4CEAFFB423196701003EF294 /* Assets.xcassets in Resources */,
				4CEAFFB2231966FF003EF294 /* Main.storyboard in Resources */,
				4C8800FE23E38A6B0039A953 /* TCE.json in Resources */,
			);
			runOnlyForDeploymentPostprocessing = 0;
		};
/* End PBXResourcesBuildPhase section */

/* Begin PBXSourcesBuildPhase section */
		4CEAFFA5231966FF003EF294 /* Sources */ = {
			isa = PBXSourcesBuildPhase;
			buildActionMask = 2147483647;
			files = (
				4CEAFFBF2319C822003EF294 /* Assessment.swift in Sources */,
				4CEAFFAF231966FF003EF294 /* ViewController.swift in Sources */,
				4C88010023E3B9EB0039A953 /* Log.swift in Sources */,
				4CEAFFAD231966FF003EF294 /* AppDelegate.swift in Sources */,
			);
			runOnlyForDeploymentPostprocessing = 0;
		};
/* End PBXSourcesBuildPhase section */

/* Begin PBXVariantGroup section */
		4CEAFFB0231966FF003EF294 /* Main.storyboard */ = {
			isa = PBXVariantGroup;
			children = (
				4CEAFFB1231966FF003EF294 /* Base */,
			);
			name = Main.storyboard;
			sourceTree = "<group>";
		};
		4CEAFFB523196701003EF294 /* LaunchScreen.storyboard */ = {
			isa = PBXVariantGroup;
			children = (
				4CEAFFB623196701003EF294 /* Base */,
			);
			name = LaunchScreen.storyboard;
			sourceTree = "<group>";
		};
/* End PBXVariantGroup section */

/* Begin XCBuildConfiguration section */
		4CEAFFB923196701003EF294 /* Debug */ = {
			isa = XCBuildConfiguration;
			buildSettings = {
				ALWAYS_SEARCH_USER_PATHS = NO;
				CLANG_ANALYZER_NONNULL = YES;
				CLANG_ANALYZER_NUMBER_OBJECT_CONVERSION = YES_AGGRESSIVE;
				CLANG_CXX_LANGUAGE_STANDARD = "gnu++14";
				CLANG_CXX_LIBRARY = "libc++";
				CLANG_ENABLE_MODULES = YES;
				CLANG_ENABLE_OBJC_ARC = YES;
				CLANG_ENABLE_OBJC_WEAK = YES;
				CLANG_WARN_BLOCK_CAPTURE_AUTORELEASING = YES;
				CLANG_WARN_BOOL_CONVERSION = YES;
				CLANG_WARN_COMMA = YES;
				CLANG_WARN_CONSTANT_CONVERSION = YES;
				CLANG_WARN_DEPRECATED_OBJC_IMPLEMENTATIONS = YES;
				CLANG_WARN_DIRECT_OBJC_ISA_USAGE = YES_ERROR;
				CLANG_WARN_DOCUMENTATION_COMMENTS = YES;
				CLANG_WARN_EMPTY_BODY = YES;
				CLANG_WARN_ENUM_CONVERSION = YES;
				CLANG_WARN_INFINITE_RECURSION = YES;
				CLANG_WARN_INT_CONVERSION = YES;
				CLANG_WARN_NON_LITERAL_NULL_CONVERSION = YES;
				CLANG_WARN_OBJC_IMPLICIT_RETAIN_SELF = YES;
				CLANG_WARN_OBJC_LITERAL_CONVERSION = YES;
				CLANG_WARN_OBJC_ROOT_CLASS = YES_ERROR;
				CLANG_WARN_RANGE_LOOP_ANALYSIS = YES;
				CLANG_WARN_STRICT_PROTOTYPES = YES;
				CLANG_WARN_SUSPICIOUS_MOVE = YES;
				CLANG_WARN_UNGUARDED_AVAILABILITY = YES_AGGRESSIVE;
				CLANG_WARN_UNREACHABLE_CODE = YES;
				CLANG_WARN__DUPLICATE_METHOD_MATCH = YES;
				CODE_SIGN_IDENTITY = "iPhone Developer";
				COPY_PHASE_STRIP = NO;
				DEBUG_INFORMATION_FORMAT = dwarf;
				ENABLE_STRICT_OBJC_MSGSEND = YES;
				ENABLE_TESTABILITY = YES;
				GCC_C_LANGUAGE_STANDARD = gnu11;
				GCC_DYNAMIC_NO_PIC = NO;
				GCC_NO_COMMON_BLOCKS = YES;
				GCC_OPTIMIZATION_LEVEL = 0;
				GCC_PREPROCESSOR_DEFINITIONS = (
					"DEBUG=1",
					"$(inherited)",
				);
				GCC_WARN_64_TO_32_BIT_CONVERSION = YES;
				GCC_WARN_ABOUT_RETURN_TYPE = YES_ERROR;
				GCC_WARN_UNDECLARED_SELECTOR = YES;
				GCC_WARN_UNINITIALIZED_AUTOS = YES_AGGRESSIVE;
				GCC_WARN_UNUSED_FUNCTION = YES;
				GCC_WARN_UNUSED_VARIABLE = YES;
				IPHONEOS_DEPLOYMENT_TARGET = 12.4;
				MTL_ENABLE_DEBUG_INFO = INCLUDE_SOURCE;
				MTL_FAST_MATH = YES;
				ONLY_ACTIVE_ARCH = YES;
				SDKROOT = iphoneos;
				SWIFT_ACTIVE_COMPILATION_CONDITIONS = DEBUG;
				SWIFT_OPTIMIZATION_LEVEL = "-Onone";
			};
			name = Debug;
		};
		4CEAFFBA23196701003EF294 /* Release */ = {
			isa = XCBuildConfiguration;
			buildSettings = {
				ALWAYS_SEARCH_USER_PATHS = NO;
				CLANG_ANALYZER_NONNULL = YES;
				CLANG_ANALYZER_NUMBER_OBJECT_CONVERSION = YES_AGGRESSIVE;
				CLANG_CXX_LANGUAGE_STANDARD = "gnu++14";
				CLANG_CXX_LIBRARY = "libc++";
				CLANG_ENABLE_MODULES = YES;
				CLANG_ENABLE_OBJC_ARC = YES;
				CLANG_ENABLE_OBJC_WEAK = YES;
				CLANG_WARN_BLOCK_CAPTURE_AUTORELEASING = YES;
				CLANG_WARN_BOOL_CONVERSION = YES;
				CLANG_WARN_COMMA = YES;
				CLANG_WARN_CONSTANT_CONVERSION = YES;
				CLANG_WARN_DEPRECATED_OBJC_IMPLEMENTATIONS = YES;
				CLANG_WARN_DIRECT_OBJC_ISA_USAGE = YES_ERROR;
				CLANG_WARN_DOCUMENTATION_COMMENTS = YES;
				CLANG_WARN_EMPTY_BODY = YES;
				CLANG_WARN_ENUM_CONVERSION = YES;
				CLANG_WARN_INFINITE_RECURSION = YES;
				CLANG_WARN_INT_CONVERSION = YES;
				CLANG_WARN_NON_LITERAL_NULL_CONVERSION = YES;
				CLANG_WARN_OBJC_IMPLICIT_RETAIN_SELF = YES;
				CLANG_WARN_OBJC_LITERAL_CONVERSION = YES;
				CLANG_WARN_OBJC_ROOT_CLASS = YES_ERROR;
				CLANG_WARN_RANGE_LOOP_ANALYSIS = YES;
				CLANG_WARN_STRICT_PROTOTYPES = YES;
				CLANG_WARN_SUSPICIOUS_MOVE = YES;
				CLANG_WARN_UNGUARDED_AVAILABILITY = YES_AGGRESSIVE;
				CLANG_WARN_UNREACHABLE_CODE = YES;
				CLANG_WARN__DUPLICATE_METHOD_MATCH = YES;
				CODE_SIGN_IDENTITY = "iPhone Developer";
				COPY_PHASE_STRIP = NO;
				DEBUG_INFORMATION_FORMAT = "dwarf-with-dsym";
				ENABLE_NS_ASSERTIONS = NO;
				ENABLE_STRICT_OBJC_MSGSEND = YES;
				GCC_C_LANGUAGE_STANDARD = gnu11;
				GCC_NO_COMMON_BLOCKS = YES;
				GCC_WARN_64_TO_32_BIT_CONVERSION = YES;
				GCC_WARN_ABOUT_RETURN_TYPE = YES_ERROR;
				GCC_WARN_UNDECLARED_SELECTOR = YES;
				GCC_WARN_UNINITIALIZED_AUTOS = YES_AGGRESSIVE;
				GCC_WARN_UNUSED_FUNCTION = YES;
				GCC_WARN_UNUSED_VARIABLE = YES;
				IPHONEOS_DEPLOYMENT_TARGET = 12.4;
				MTL_ENABLE_DEBUG_INFO = NO;
				MTL_FAST_MATH = YES;
				SDKROOT = iphoneos;
				SWIFT_COMPILATION_MODE = wholemodule;
				SWIFT_OPTIMIZATION_LEVEL = "-O";
				VALIDATE_PRODUCT = YES;
			};
			name = Release;
		};
		4CEAFFBC23196701003EF294 /* Debug */ = {
			isa = XCBuildConfiguration;
			buildSettings = {
				ASSETCATALOG_COMPILER_APPICON_NAME = AppIcon;
				CODE_SIGN_STYLE = Automatic;
				CURRENT_PROJECT_VERSION = 1;
				DEVELOPMENT_TEAM = 8YJ8ACYASB;
				INFOPLIST_FILE = Fratonium/Info.plist;
				IPHONEOS_DEPLOYMENT_TARGET = 12.0;
				LD_RUNPATH_SEARCH_PATHS = (
					"$(inherited)",
					"@executable_path/Frameworks",
				);
				MARKETING_VERSION = 1.2;
				PRODUCT_BUNDLE_IDENTIFIER = mp.fratonium;
				PRODUCT_NAME = FRATonium;
				SWIFT_VERSION = 5.0;
				TARGETED_DEVICE_FAMILY = "1,2";
			};
			name = Debug;
		};
		4CEAFFBD23196701003EF294 /* Release */ = {
			isa = XCBuildConfiguration;
			buildSettings = {
				ASSETCATALOG_COMPILER_APPICON_NAME = AppIcon;
				CODE_SIGN_STYLE = Automatic;
				CURRENT_PROJECT_VERSION = 1;
				DEVELOPMENT_TEAM = 8YJ8ACYASB;
				INFOPLIST_FILE = Fratonium/Info.plist;
				IPHONEOS_DEPLOYMENT_TARGET = 12.0;
				LD_RUNPATH_SEARCH_PATHS = (
					"$(inherited)",
					"@executable_path/Frameworks",
				);
				MARKETING_VERSION = 1.2;
				PRODUCT_BUNDLE_IDENTIFIER = mp.fratonium;
				PRODUCT_NAME = FRATonium;
				SWIFT_VERSION = 5.0;
				TARGETED_DEVICE_FAMILY = "1,2";
			};
			name = Release;
		};
/* End XCBuildConfiguration section */

/* Begin XCConfigurationList section */
		4CEAFFA4231966FF003EF294 /* Build configuration list for PBXProject "Fratonium" */ = {
			isa = XCConfigurationList;
			buildConfigurations = (
				4CEAFFB923196701003EF294 /* Debug */,
				4CEAFFBA23196701003EF294 /* Release */,
			);
			defaultConfigurationIsVisible = 0;
			defaultConfigurationName = Release;
		};
		4CEAFFBB23196701003EF294 /* Build configuration list for PBXNativeTarget "Fratonium" */ = {
			isa = XCConfigurationList;
			buildConfigurations = (
				4CEAFFBC23196701003EF294 /* Debug */,
				4CEAFFBD23196701003EF294 /* Release */,
			);
			defaultConfigurationIsVisible = 0;
			defaultConfigurationName = Release;
		};
/* End XCConfigurationList section */
	};
	rootObject = 4CEAFFA1231966FF003EF294 /* Project object */;
}
